// !$*UTF8*$!
{
	archiveVersion = 1;
	classes = {
	};
	objectVersion = 56;
	objects = {

/* Begin PBXBuildFile section */
		3D1880A029D0537E00D7D6A9 /* AppDelegate.swift in Sources */ = {isa = PBXBuildFile; fileRef = 3D18809F29D0537E00D7D6A9 /* AppDelegate.swift */; };
		3D1880A929D0538000D7D6A9 /* Assets.xcassets in Resources */ = {isa = PBXBuildFile; fileRef = 3D1880A829D0538000D7D6A9 /* Assets.xcassets */; };
		3D1880AC29D0538000D7D6A9 /* LaunchScreen.storyboard in Resources */ = {isa = PBXBuildFile; fileRef = 3D1880AA29D0538000D7D6A9 /* LaunchScreen.storyboard */; };
		3D368F8829D1AA2E00CB2864 /* CacheManager.swift in Sources */ = {isa = PBXBuildFile; fileRef = 3D368F8729D1AA2E00CB2864 /* CacheManager.swift */; };
		3D368F8B29D1B3D800CB2864 /* VideoDetailVC.swift in Sources */ = {isa = PBXBuildFile; fileRef = 3D368F8929D1B3D800CB2864 /* VideoDetailVC.swift */; };
		3D368F8C29D1B3D800CB2864 /* VideoDetailVC.xib in Resources */ = {isa = PBXBuildFile; fileRef = 3D368F8A29D1B3D800CB2864 /* VideoDetailVC.xib */; };
		3D368F8E29D1BD3B00CB2864 /* ConstantsTemplate.swift in Sources */ = {isa = PBXBuildFile; fileRef = 3D368F8D29D1BD3B00CB2864 /* ConstantsTemplate.swift */; };
		3DA88D9129D07C6A0001FF78 /* Konstants.swift in Sources */ = {isa = PBXBuildFile; fileRef = 3DA88D9029D07C6A0001FF78 /* Konstants.swift */; };
		3DA88D9329D07EC60001FF78 /* Video.swift in Sources */ = {isa = PBXBuildFile; fileRef = 3DA88D9229D07EC60001FF78 /* Video.swift */; };
		3DA88D9529D07F8D0001FF78 /* Model.swift in Sources */ = {isa = PBXBuildFile; fileRef = 3DA88D9429D07F8D0001FF78 /* Model.swift */; };
		3DA88D9729D0C18E0001FF78 /* Response.swift in Sources */ = {isa = PBXBuildFile; fileRef = 3DA88D9629D0C18E0001FF78 /* Response.swift */; };
		3DA88D9A29D16DDE0001FF78 /* VideoListVC.swift in Sources */ = {isa = PBXBuildFile; fileRef = 3DA88D9829D16DDE0001FF78 /* VideoListVC.swift */; };
		3DA88D9B29D16DDE0001FF78 /* VideoListVC.xib in Resources */ = {isa = PBXBuildFile; fileRef = 3DA88D9929D16DDE0001FF78 /* VideoListVC.xib */; };
		3DA88D9E29D1719B0001FF78 /* VideoCell.swift in Sources */ = {isa = PBXBuildFile; fileRef = 3DA88D9C29D1719B0001FF78 /* VideoCell.swift */; };
		3DA88D9F29D1719B0001FF78 /* VideoCell.xib in Resources */ = {isa = PBXBuildFile; fileRef = 3DA88D9D29D1719B0001FF78 /* VideoCell.xib */; };
/* End PBXBuildFile section */

/* Begin PBXFileReference section */
		3D18809C29D0537E00D7D6A9 /* YoutubeApp.app */ = {isa = PBXFileReference; explicitFileType = wrapper.application; includeInIndex = 0; path = YoutubeApp.app; sourceTree = BUILT_PRODUCTS_DIR; };
		3D18809F29D0537E00D7D6A9 /* AppDelegate.swift */ = {isa = PBXFileReference; lastKnownFileType = sourcecode.swift; path = AppDelegate.swift; sourceTree = "<group>"; };
		3D1880A829D0538000D7D6A9 /* Assets.xcassets */ = {isa = PBXFileReference; lastKnownFileType = folder.assetcatalog; path = Assets.xcassets; sourceTree = "<group>"; };
		3D1880AB29D0538000D7D6A9 /* Base */ = {isa = PBXFileReference; lastKnownFileType = file.storyboard; name = Base; path = Base.lproj/LaunchScreen.storyboard; sourceTree = "<group>"; };
		3D1880AD29D0538000D7D6A9 /* Info.plist */ = {isa = PBXFileReference; lastKnownFileType = text.plist.xml; path = Info.plist; sourceTree = "<group>"; };
		3D368F8729D1AA2E00CB2864 /* CacheManager.swift */ = {isa = PBXFileReference; lastKnownFileType = sourcecode.swift; path = CacheManager.swift; sourceTree = "<group>"; };
		3D368F8929D1B3D800CB2864 /* VideoDetailVC.swift */ = {isa = PBXFileReference; lastKnownFileType = sourcecode.swift; path = VideoDetailVC.swift; sourceTree = "<group>"; };
		3D368F8A29D1B3D800CB2864 /* VideoDetailVC.xib */ = {isa = PBXFileReference; lastKnownFileType = file.xib; path = VideoDetailVC.xib; sourceTree = "<group>"; };
		3D368F8D29D1BD3B00CB2864 /* ConstantsTemplate.swift */ = {isa = PBXFileReference; lastKnownFileType = sourcecode.swift; path = ConstantsTemplate.swift; sourceTree = "<group>"; };
		3DA88D9029D07C6A0001FF78 /* Konstants.swift */ = {isa = PBXFileReference; lastKnownFileType = sourcecode.swift; path = Konstants.swift; sourceTree = "<group>"; };
		3DA88D9229D07EC60001FF78 /* Video.swift */ = {isa = PBXFileReference; lastKnownFileType = sourcecode.swift; path = Video.swift; sourceTree = "<group>"; };
		3DA88D9429D07F8D0001FF78 /* Model.swift */ = {isa = PBXFileReference; lastKnownFileType = sourcecode.swift; path = Model.swift; sourceTree = "<group>"; };
		3DA88D9629D0C18E0001FF78 /* Response.swift */ = {isa = PBXFileReference; lastKnownFileType = sourcecode.swift; path = Response.swift; sourceTree = "<group>"; };
		3DA88D9829D16DDE0001FF78 /* VideoListVC.swift */ = {isa = PBXFileReference; lastKnownFileType = sourcecode.swift; path = VideoListVC.swift; sourceTree = "<group>"; };
		3DA88D9929D16DDE0001FF78 /* VideoListVC.xib */ = {isa = PBXFileReference; lastKnownFileType = file.xib; path = VideoListVC.xib; sourceTree = "<group>"; };
		3DA88D9C29D1719B0001FF78 /* VideoCell.swift */ = {isa = PBXFileReference; lastKnownFileType = sourcecode.swift; path = VideoCell.swift; sourceTree = "<group>"; };
		3DA88D9D29D1719B0001FF78 /* VideoCell.xib */ = {isa = PBXFileReference; lastKnownFileType = file.xib; path = VideoCell.xib; sourceTree = "<group>"; };
/* End PBXFileReference section */

/* Begin PBXFrameworksBuildPhase section */
		3D18809929D0537E00D7D6A9 /* Frameworks */ = {
			isa = PBXFrameworksBuildPhase;
			buildActionMask = 2147483647;
			files = (
			);
			runOnlyForDeploymentPostprocessing = 0;
		};
/* End PBXFrameworksBuildPhase section */

/* Begin PBXGroup section */
		3D18809329D0537E00D7D6A9 = {
			isa = PBXGroup;
			children = (
				3D18809E29D0537E00D7D6A9 /* YoutubeApp */,
				3D18809D29D0537E00D7D6A9 /* Products */,
			);
			sourceTree = "<group>";
		};
		3D18809D29D0537E00D7D6A9 /* Products */ = {
			isa = PBXGroup;
			children = (
				3D18809C29D0537E00D7D6A9 /* YoutubeApp.app */,
			);
			name = Products;
			sourceTree = "<group>";
		};
		3D18809E29D0537E00D7D6A9 /* YoutubeApp */ = {
			isa = PBXGroup;
			children = (
				3DA88D9029D07C6A0001FF78 /* Konstants.swift */,
				3DA88D9229D07EC60001FF78 /* Video.swift */,
				3DA88D9829D16DDE0001FF78 /* VideoListVC.swift */,
				3D368F8D29D1BD3B00CB2864 /* ConstantsTemplate.swift */,
				3D368F8729D1AA2E00CB2864 /* CacheManager.swift */,
				3D368F8929D1B3D800CB2864 /* VideoDetailVC.swift */,
				3D368F8A29D1B3D800CB2864 /* VideoDetailVC.xib */,
				3DA88D9C29D1719B0001FF78 /* VideoCell.swift */,
				3DA88D9D29D1719B0001FF78 /* VideoCell.xib */,
				3DA88D9929D16DDE0001FF78 /* VideoListVC.xib */,
				3DA88D9629D0C18E0001FF78 /* Response.swift */,
				3DA88D9429D07F8D0001FF78 /* Model.swift */,
				3D18809F29D0537E00D7D6A9 /* AppDelegate.swift */,
				3D1880A829D0538000D7D6A9 /* Assets.xcassets */,
				3D1880AA29D0538000D7D6A9 /* LaunchScreen.storyboard */,
				3D1880AD29D0538000D7D6A9 /* Info.plist */,
			);
			path = YoutubeApp;
			sourceTree = "<group>";
		};
/* End PBXGroup section */

/* Begin PBXNativeTarget section */
		3D18809B29D0537E00D7D6A9 /* YoutubeApp */ = {
			isa = PBXNativeTarget;
			buildConfigurationList = 3D1880B029D0538000D7D6A9 /* Build configuration list for PBXNativeTarget "YoutubeApp" */;
			buildPhases = (
				3D18809829D0537E00D7D6A9 /* Sources */,
				3D18809929D0537E00D7D6A9 /* Frameworks */,
				3D18809A29D0537E00D7D6A9 /* Resources */,
			);
			buildRules = (
			);
			dependencies = (
			);
			name = YoutubeApp;
			productName = YoutubeApp;
			productReference = 3D18809C29D0537E00D7D6A9 /* YoutubeApp.app */;
			productType = "com.apple.product-type.application";
		};
/* End PBXNativeTarget section */

/* Begin PBXProject section */
		3D18809429D0537E00D7D6A9 /* Project object */ = {
			isa = PBXProject;
			attributes = {
				BuildIndependentTargetsInParallel = 1;
				LastSwiftUpdateCheck = 1420;
				LastUpgradeCheck = 1420;
				TargetAttributes = {
					3D18809B29D0537E00D7D6A9 = {
						CreatedOnToolsVersion = 14.2;
					};
				};
			};
			buildConfigurationList = 3D18809729D0537E00D7D6A9 /* Build configuration list for PBXProject "YoutubeApp" */;
			compatibilityVersion = "Xcode 14.0";
			developmentRegion = en;
			hasScannedForEncodings = 0;
			knownRegions = (
				en,
				Base,
			);
			mainGroup = 3D18809329D0537E00D7D6A9;
			productRefGroup = 3D18809D29D0537E00D7D6A9 /* Products */;
			projectDirPath = "";
			projectRoot = "";
			targets = (
				3D18809B29D0537E00D7D6A9 /* YoutubeApp */,
			);
		};
/* End PBXProject section */

/* Begin PBXResourcesBuildPhase section */
		3D18809A29D0537E00D7D6A9 /* Resources */ = {
			isa = PBXResourcesBuildPhase;
			buildActionMask = 2147483647;
			files = (
				3DA88D9B29D16DDE0001FF78 /* VideoListVC.xib in Resources */,
				3DA88D9F29D1719B0001FF78 /* VideoCell.xib in Resources */,
				3D1880AC29D0538000D7D6A9 /* LaunchScreen.storyboard in Resources */,
				3D1880A929D0538000D7D6A9 /* Assets.xcassets in Resources */,
				3D368F8C29D1B3D800CB2864 /* VideoDetailVC.xib in Resources */,
			);
			runOnlyForDeploymentPostprocessing = 0;
		};
/* End PBXResourcesBuildPhase section */

/* Begin PBXSourcesBuildPhase section */
		3D18809829D0537E00D7D6A9 /* Sources */ = {
			isa = PBXSourcesBuildPhase;
			buildActionMask = 2147483647;
			files = (
				3DA88D9A29D16DDE0001FF78 /* VideoListVC.swift in Sources */,
				3DA88D9E29D1719B0001FF78 /* VideoCell.swift in Sources */,
				3D1880A029D0537E00D7D6A9 /* AppDelegate.swift in Sources */,
				3DA88D9729D0C18E0001FF78 /* Response.swift in Sources */,
				3D368F8829D1AA2E00CB2864 /* CacheManager.swift in Sources */,
				3DA88D9529D07F8D0001FF78 /* Model.swift in Sources */,
				3DA88D9129D07C6A0001FF78 /* Konstants.swift in Sources */,
				3D368F8B29D1B3D800CB2864 /* VideoDetailVC.swift in Sources */,
				3DA88D9329D07EC60001FF78 /* Video.swift in Sources */,
				3D368F8E29D1BD3B00CB2864 /* ConstantsTemplate.swift in Sources */,
			);
			runOnlyForDeploymentPostprocessing = 0;
		};
/* End PBXSourcesBuildPhase section */

/* Begin PBXVariantGroup section */
		3D1880AA29D0538000D7D6A9 /* LaunchScreen.storyboard */ = {
			isa = PBXVariantGroup;
			children = (
				3D1880AB29D0538000D7D6A9 /* Base */,
			);
			name = LaunchScreen.storyboard;
			sourceTree = "<group>";
		};
/* End PBXVariantGroup section */

/* Begin XCBuildConfiguration section */
		3D1880AE29D0538000D7D6A9 /* Debug */ = {
			isa = XCBuildConfiguration;
			buildSettings = {
				ALWAYS_SEARCH_USER_PATHS = NO;
				CLANG_ANALYZER_NONNULL = YES;
				CLANG_ANALYZER_NUMBER_OBJECT_CONVERSION = YES_AGGRESSIVE;
				CLANG_CXX_LANGUAGE_STANDARD = "gnu++20";
				CLANG_ENABLE_MODULES = YES;
				CLANG_ENABLE_OBJC_ARC = YES;
				CLANG_ENABLE_OBJC_WEAK = YES;
				CLANG_WARN_BLOCK_CAPTURE_AUTORELEASING = YES;
				CLANG_WARN_BOOL_CONVERSION = YES;
				CLANG_WARN_COMMA = YES;
				CLANG_WARN_CONSTANT_CONVERSION = YES;
				CLANG_WARN_DEPRECATED_OBJC_IMPLEMENTATIONS = YES;
				CLANG_WARN_DIRECT_OBJC_ISA_USAGE = YES_ERROR;
				CLANG_WARN_DOCUMENTATION_COMMENTS = YES;
				CLANG_WARN_EMPTY_BODY = YES;
				CLANG_WARN_ENUM_CONVERSION = YES;
				CLANG_WARN_INFINITE_RECURSION = YES;
				CLANG_WARN_INT_CONVERSION = YES;
				CLANG_WARN_NON_LITERAL_NULL_CONVERSION = YES;
				CLANG_WARN_OBJC_IMPLICIT_RETAIN_SELF = YES;
				CLANG_WARN_OBJC_LITERAL_CONVERSION = YES;
				CLANG_WARN_OBJC_ROOT_CLASS = YES_ERROR;
				CLANG_WARN_QUOTED_INCLUDE_IN_FRAMEWORK_HEADER = YES;
				CLANG_WARN_RANGE_LOOP_ANALYSIS = YES;
				CLANG_WARN_STRICT_PROTOTYPES = YES;
				CLANG_WARN_SUSPICIOUS_MOVE = YES;
				CLANG_WARN_UNGUARDED_AVAILABILITY = YES_AGGRESSIVE;
				CLANG_WARN_UNREACHABLE_CODE = YES;
				CLANG_WARN__DUPLICATE_METHOD_MATCH = YES;
				COPY_PHASE_STRIP = NO;
				DEBUG_INFORMATION_FORMAT = dwarf;
				ENABLE_STRICT_OBJC_MSGSEND = YES;
				ENABLE_TESTABILITY = YES;
				GCC_C_LANGUAGE_STANDARD = gnu11;
				GCC_DYNAMIC_NO_PIC = NO;
				GCC_NO_COMMON_BLOCKS = YES;
				GCC_OPTIMIZATION_LEVEL = 0;
				GCC_PREPROCESSOR_DEFINITIONS = (
					"DEBUG=1",
					"$(inherited)",
				);
				GCC_WARN_64_TO_32_BIT_CONVERSION = YES;
				GCC_WARN_ABOUT_RETURN_TYPE = YES_ERROR;
				GCC_WARN_UNDECLARED_SELECTOR = YES;
				GCC_WARN_UNINITIALIZED_AUTOS = YES_AGGRESSIVE;
				GCC_WARN_UNUSED_FUNCTION = YES;
				GCC_WARN_UNUSED_VARIABLE = YES;
				IPHONEOS_DEPLOYMENT_TARGET = 16.2;
				MTL_ENABLE_DEBUG_INFO = INCLUDE_SOURCE;
				MTL_FAST_MATH = YES;
				ONLY_ACTIVE_ARCH = YES;
				SDKROOT = iphoneos;
				SWIFT_ACTIVE_COMPILATION_CONDITIONS = DEBUG;
				SWIFT_OPTIMIZATION_LEVEL = "-Onone";
			};
			name = Debug;
		};
		3D1880AF29D0538000D7D6A9 /* Release */ = {
			isa = XCBuildConfiguration;
			buildSettings = {
				ALWAYS_SEARCH_USER_PATHS = NO;
				CLANG_ANALYZER_NONNULL = YES;
				CLANG_ANALYZER_NUMBER_OBJECT_CONVERSION = YES_AGGRESSIVE;
				CLANG_CXX_LANGUAGE_STANDARD = "gnu++20";
				CLANG_ENABLE_MODULES = YES;
				CLANG_ENABLE_OBJC_ARC = YES;
				CLANG_ENABLE_OBJC_WEAK = YES;
				CLANG_WARN_BLOCK_CAPTURE_AUTORELEASING = YES;
				CLANG_WARN_BOOL_CONVERSION = YES;
				CLANG_WARN_COMMA = YES;
				CLANG_WARN_CONSTANT_CONVERSION = YES;
				CLANG_WARN_DEPRECATED_OBJC_IMPLEMENTATIONS = YES;
				CLANG_WARN_DIRECT_OBJC_ISA_USAGE = YES_ERROR;
				CLANG_WARN_DOCUMENTATION_COMMENTS = YES;
				CLANG_WARN_EMPTY_BODY = YES;
				CLANG_WARN_ENUM_CONVERSION = YES;
				CLANG_WARN_INFINITE_RECURSION = YES;
				CLANG_WARN_INT_CONVERSION = YES;
				CLANG_WARN_NON_LITERAL_NULL_CONVERSION = YES;
				CLANG_WARN_OBJC_IMPLICIT_RETAIN_SELF = YES;
				CLANG_WARN_OBJC_LITERAL_CONVERSION = YES;
				CLANG_WARN_OBJC_ROOT_CLASS = YES_ERROR;
				CLANG_WARN_QUOTED_INCLUDE_IN_FRAMEWORK_HEADER = YES;
				CLANG_WARN_RANGE_LOOP_ANALYSIS = YES;
				CLANG_WARN_STRICT_PROTOTYPES = YES;
				CLANG_WARN_SUSPICIOUS_MOVE = YES;
				CLANG_WARN_UNGUARDED_AVAILABILITY = YES_AGGRESSIVE;
				CLANG_WARN_UNREACHABLE_CODE = YES;
				CLANG_WARN__DUPLICATE_METHOD_MATCH = YES;
				COPY_PHASE_STRIP = NO;
				DEBUG_INFORMATION_FORMAT = "dwarf-with-dsym";
				ENABLE_NS_ASSERTIONS = NO;
				ENABLE_STRICT_OBJC_MSGSEND = YES;
				GCC_C_LANGUAGE_STANDARD = gnu11;
				GCC_NO_COMMON_BLOCKS = YES;
				GCC_WARN_64_TO_32_BIT_CONVERSION = YES;
				GCC_WARN_ABOUT_RETURN_TYPE = YES_ERROR;
				GCC_WARN_UNDECLARED_SELECTOR = YES;
				GCC_WARN_UNINITIALIZED_AUTOS = YES_AGGRESSIVE;
				GCC_WARN_UNUSED_FUNCTION = YES;
				GCC_WARN_UNUSED_VARIABLE = YES;
				IPHONEOS_DEPLOYMENT_TARGET = 16.2;
				MTL_ENABLE_DEBUG_INFO = NO;
				MTL_FAST_MATH = YES;
				SDKROOT = iphoneos;
				SWIFT_COMPILATION_MODE = wholemodule;
				SWIFT_OPTIMIZATION_LEVEL = "-O";
				VALIDATE_PRODUCT = YES;
			};
			name = Release;
		};
		3D1880B129D0538000D7D6A9 /* Debug */ = {
			isa = XCBuildConfiguration;
			buildSettings = {
				ASSETCATALOG_COMPILER_APPICON_NAME = AppIcon;
				ASSETCATALOG_COMPILER_GLOBAL_ACCENT_COLOR_NAME = AccentColor;
				CODE_SIGN_STYLE = Automatic;
				CURRENT_PROJECT_VERSION = 1;
				DEVELOPMENT_TEAM = 7W6F238426;
				GENERATE_INFOPLIST_FILE = YES;
				INFOPLIST_FILE = YoutubeApp/Info.plist;
				INFOPLIST_KEY_UIApplicationSupportsIndirectInputEvents = YES;
				INFOPLIST_KEY_UILaunchStoryboardName = LaunchScreen;
				INFOPLIST_KEY_UIMainStoryboardFile = "";
				INFOPLIST_KEY_UISupportedInterfaceOrientations_iPad = "UIInterfaceOrientationPortrait UIInterfaceOrientationPortraitUpsideDown UIInterfaceOrientationLandscapeLeft UIInterfaceOrientationLandscapeRight";
				INFOPLIST_KEY_UISupportedInterfaceOrientations_iPhone = "UIInterfaceOrientationPortrait UIInterfaceOrientationLandscapeLeft UIInterfaceOrientationLandscapeRight";
				LD_RUNPATH_SEARCH_PATHS = (
					"$(inherited)",
					"@executable_path/Frameworks",
				);
				MARKETING_VERSION = 1.0;
				PRODUCT_BUNDLE_IDENTIFIER = myCompany.YoutubeApp;
				PRODUCT_NAME = "$(TARGET_NAME)";
				SWIFT_EMIT_LOC_STRINGS = YES;
				SWIFT_VERSION = 5.0;
				TARGETED_DEVICE_FAMILY = "1,2";
			};
			name = Debug;
		};
		3D1880B229D0538000D7D6A9 /* Release */ = {
			isa = XCBuildConfiguration;
			buildSettings = {
				ASSETCATALOG_COMPILER_APPICON_NAME = AppIcon;
				ASSETCATALOG_COMPILER_GLOBAL_ACCENT_COLOR_NAME = AccentColor;
				CODE_SIGN_STYLE = Automatic;
				CURRENT_PROJECT_VERSION = 1;
				DEVELOPMENT_TEAM = 7W6F238426;
				GENERATE_INFOPLIST_FILE = YES;
				INFOPLIST_FILE = YoutubeApp/Info.plist;
				INFOPLIST_KEY_UIApplicationSupportsIndirectInputEvents = YES;
				INFOPLIST_KEY_UILaunchStoryboardName = LaunchScreen;
				INFOPLIST_KEY_UIMainStoryboardFile = "";
				INFOPLIST_KEY_UISupportedInterfaceOrientations_iPad = "UIInterfaceOrientationPortrait UIInterfaceOrientationPortraitUpsideDown UIInterfaceOrientationLandscapeLeft UIInterfaceOrientationLandscapeRight";
				INFOPLIST_KEY_UISupportedInterfaceOrientations_iPhone = "UIInterfaceOrientationPortrait UIInterfaceOrientationLandscapeLeft UIInterfaceOrientationLandscapeRight";
				LD_RUNPATH_SEARCH_PATHS = (
					"$(inherited)",
					"@executable_path/Frameworks",
				);
				MARKETING_VERSION = 1.0;
				PRODUCT_BUNDLE_IDENTIFIER = myCompany.YoutubeApp;
				PRODUCT_NAME = "$(TARGET_NAME)";
				SWIFT_EMIT_LOC_STRINGS = YES;
				SWIFT_VERSION = 5.0;
				TARGETED_DEVICE_FAMILY = "1,2";
			};
			name = Release;
		};
/* End XCBuildConfiguration section */

/* Begin XCConfigurationList section */
		3D18809729D0537E00D7D6A9 /* Build configuration list for PBXProject "YoutubeApp" */ = {
			isa = XCConfigurationList;
			buildConfigurations = (
				3D1880AE29D0538000D7D6A9 /* Debug */,
				3D1880AF29D0538000D7D6A9 /* Release */,
			);
			defaultConfigurationIsVisible = 0;
			defaultConfigurationName = Release;
		};
		3D1880B029D0538000D7D6A9 /* Build configuration list for PBXNativeTarget "YoutubeApp" */ = {
			isa = XCConfigurationList;
			buildConfigurations = (
				3D1880B129D0538000D7D6A9 /* Debug */,
				3D1880B229D0538000D7D6A9 /* Release */,
			);
			defaultConfigurationIsVisible = 0;
			defaultConfigurationName = Release;
		};
/* End XCConfigurationList section */
	};
	rootObject = 3D18809429D0537E00D7D6A9 /* Project object */;
}
